
Microsoft Visual Studio Solution File, Format Version 12.00
# Visual Studio Version 17
VisualStudioVersion = 17.4.33110.190
MinimumVisualStudioVersion = 10.0.40219.1
Project("{8BC9CEB8-8B4A-11D0-8D11-00A0C91BC942}") = "Prob.5", "Prob.5.vcxproj", "{649B5DED-39B6-4BCF-9835-DA99964F1352}"
EndProject
Global
	GlobalSection(SolutionConfigurationPlatforms) = preSolution
		Debug|x64 = Debug|x64
		Debug|x86 = Debug|x86
		Release|x64 = Release|x64
		Release|x86 = Release|x86
	EndGlobalSection
	GlobalSection(ProjectConfigurationPlatforms) = postSolution
		{649B5DED-39B6-4BCF-9835-DA99964F1352}.Debug|x64.ActiveCfg = Debug|x64
		{649B5DED-39B6-4BCF-9835-DA99964F1352}.Debug|x64.Build.0 = Debug|x64
		{649B5DED-39B6-4BCF-9835-DA99964F1352}.Debug|x86.ActiveCfg = Debug|Win32
		{649B5DED-39B6-4BCF-9835-DA99964F1352}.Debug|x86.Build.0 = Debug|Win32
		{649B5DED-39B6-4BCF-9835-DA99964F1352}.Release|x64.ActiveCfg = Release|x64
		{649B5DED-39B6-4BCF-9835-DA99964F1352}.Release|x64.Build.0 = Release|x64
		{649B5DED-39B6-4BCF-9835-DA99964F1352}.Release|x86.ActiveCfg = Release|Win32
		{649B5DED-39B6-4BCF-9835-DA99964F1352}.Release|x86.Build.0 = Release|Win32
	EndGlobalSection
	GlobalSection(SolutionProperties) = preSolution
		HideSolutionNode = FALSE
	EndGlobalSection
	GlobalSection(ExtensibilityGlobals) = postSolution
		SolutionGuid = {07D14BA3-55B6-40D2-9164-DD81E382CC03}
	EndGlobalSection
EndGlobal
